
Microsoft Visual Studio Solution File, Format Version 12.00
# Visual Studio Version 16
VisualStudioVersion = 16.0.31424.327
MinimumVisualStudioVersion = 10.0.40219.1
Project("{FAE04EC0-301F-11D3-BF4B-00C04F79EFBC}") = "Taller_63_Colecciones", "Taller_63_Colecciones.csproj", "{D1A233DE-1955-4A72-B7A0-15725D55C143}"
EndProject
Global
	GlobalSection(SolutionConfigurationPlatforms) = preSolution
		Debug|Any CPU = Debug|Any CPU
		Release|Any CPU = Release|Any CPU
	EndGlobalSection
	GlobalSection(ProjectConfigurationPlatforms) = postSolution
		{D1A233DE-1955-4A72-B7A0-15725D55C143}.Debug|Any CPU.ActiveCfg = Debug|Any CPU
		{D1A233DE-1955-4A72-B7A0-15725D55C143}.Debug|Any CPU.Build.0 = Debug|Any CPU
		{D1A233DE-1955-4A72-B7A0-15725D55C143}.Release|Any CPU.ActiveCfg = Release|Any CPU
		{D1A233DE-1955-4A72-B7A0-15725D55C143}.Release|Any CPU.Build.0 = Release|Any CPU
	EndGlobalSection
	GlobalSection(SolutionProperties) = preSolution
		HideSolutionNode = FALSE
	EndGlobalSection
	GlobalSection(ExtensibilityGlobals) = postSolution
		SolutionGuid = {A0A050FB-FDA0-41FF-B203-65321635B89C}
	EndGlobalSection
EndGlobal
