
Microsoft Visual Studio Solution File, Format Version 12.00
# Visual Studio Version 16
VisualStudioVersion = 16.0.31424.327
MinimumVisualStudioVersion = 10.0.40219.1
Project("{FAE04EC0-301F-11D3-BF4B-00C04F79EFBC}") = "Prueba_CamiLO", "Prueba_CamiLO.csproj", "{CACDB9F8-75B9-46FD-87CE-188757CE0CFC}"
EndProject
Global
	GlobalSection(SolutionConfigurationPlatforms) = preSolution
		Debug|Any CPU = Debug|Any CPU
		Release|Any CPU = Release|Any CPU
	EndGlobalSection
	GlobalSection(ProjectConfigurationPlatforms) = postSolution
		{CACDB9F8-75B9-46FD-87CE-188757CE0CFC}.Debug|Any CPU.ActiveCfg = Debug|Any CPU
		{CACDB9F8-75B9-46FD-87CE-188757CE0CFC}.Debug|Any CPU.Build.0 = Debug|Any CPU
		{CACDB9F8-75B9-46FD-87CE-188757CE0CFC}.Release|Any CPU.ActiveCfg = Release|Any CPU
		{CACDB9F8-75B9-46FD-87CE-188757CE0CFC}.Release|Any CPU.Build.0 = Release|Any CPU
	EndGlobalSection
	GlobalSection(SolutionProperties) = preSolution
		HideSolutionNode = FALSE
	EndGlobalSection
	GlobalSection(ExtensibilityGlobals) = postSolution
		SolutionGuid = {8FB50F32-60D4-46EF-B4AF-24690DC1D3B7}
	EndGlobalSection
EndGlobal
