
Microsoft Visual Studio Solution File, Format Version 12.00
# Visual Studio Version 16
VisualStudioVersion = 16.0.31424.327
MinimumVisualStudioVersion = 10.0.40219.1
Project("{FAE04EC0-301F-11D3-BF4B-00C04F79EFBC}") = "Taller_48-Interfaces", "Taller_48-Interfaces.csproj", "{829C9AD2-CA50-4605-B19C-394BF781B8A2}"
EndProject
Global
	GlobalSection(SolutionConfigurationPlatforms) = preSolution
		Debug|Any CPU = Debug|Any CPU
		Release|Any CPU = Release|Any CPU
	EndGlobalSection
	GlobalSection(ProjectConfigurationPlatforms) = postSolution
		{829C9AD2-CA50-4605-B19C-394BF781B8A2}.Debug|Any CPU.ActiveCfg = Debug|Any CPU
		{829C9AD2-CA50-4605-B19C-394BF781B8A2}.Debug|Any CPU.Build.0 = Debug|Any CPU
		{829C9AD2-CA50-4605-B19C-394BF781B8A2}.Release|Any CPU.ActiveCfg = Release|Any CPU
		{829C9AD2-CA50-4605-B19C-394BF781B8A2}.Release|Any CPU.Build.0 = Release|Any CPU
	EndGlobalSection
	GlobalSection(SolutionProperties) = preSolution
		HideSolutionNode = FALSE
	EndGlobalSection
	GlobalSection(ExtensibilityGlobals) = postSolution
		SolutionGuid = {90A39DCB-6332-4691-9DE7-BF63A2012AC3}
	EndGlobalSection
EndGlobal
