
Microsoft Visual Studio Solution File, Format Version 12.00
# Visual Studio Version 16
VisualStudioVersion = 16.0.31424.327
MinimumVisualStudioVersion = 10.0.40219.1
Project("{FAE04EC0-301F-11D3-BF4B-00C04F79EFBC}") = "Taller_55_PropiedadesAcceso", "Taller_55_PropiedadesAcceso.csproj", "{B3F7B6E0-2B0A-424F-A740-405B23F365DF}"
EndProject
Global
	GlobalSection(SolutionConfigurationPlatforms) = preSolution
		Debug|Any CPU = Debug|Any CPU
		Release|Any CPU = Release|Any CPU
	EndGlobalSection
	GlobalSection(ProjectConfigurationPlatforms) = postSolution
		{B3F7B6E0-2B0A-424F-A740-405B23F365DF}.Debug|Any CPU.ActiveCfg = Debug|Any CPU
		{B3F7B6E0-2B0A-424F-A740-405B23F365DF}.Debug|Any CPU.Build.0 = Debug|Any CPU
		{B3F7B6E0-2B0A-424F-A740-405B23F365DF}.Release|Any CPU.ActiveCfg = Release|Any CPU
		{B3F7B6E0-2B0A-424F-A740-405B23F365DF}.Release|Any CPU.Build.0 = Release|Any CPU
	EndGlobalSection
	GlobalSection(SolutionProperties) = preSolution
		HideSolutionNode = FALSE
	EndGlobalSection
	GlobalSection(ExtensibilityGlobals) = postSolution
		SolutionGuid = {500B1D78-14E6-4D01-98A5-D5E983359B66}
	EndGlobalSection
EndGlobal
