
Microsoft Visual Studio Solution File, Format Version 12.00
# Visual Studio Version 16
VisualStudioVersion = 16.0.31424.327
MinimumVisualStudioVersion = 10.0.40219.1
Project("{FAE04EC0-301F-11D3-BF4B-00C04F79EFBC}") = "Taller_89_BBDD", "Taller_89_BBDD.csproj", "{EAEA5913-6741-4E38-B71F-931C822FB17E}"
EndProject
Global
	GlobalSection(SolutionConfigurationPlatforms) = preSolution
		Debug|Any CPU = Debug|Any CPU
		Release|Any CPU = Release|Any CPU
	EndGlobalSection
	GlobalSection(ProjectConfigurationPlatforms) = postSolution
		{EAEA5913-6741-4E38-B71F-931C822FB17E}.Debug|Any CPU.ActiveCfg = Debug|Any CPU
		{EAEA5913-6741-4E38-B71F-931C822FB17E}.Debug|Any CPU.Build.0 = Debug|Any CPU
		{EAEA5913-6741-4E38-B71F-931C822FB17E}.Release|Any CPU.ActiveCfg = Release|Any CPU
		{EAEA5913-6741-4E38-B71F-931C822FB17E}.Release|Any CPU.Build.0 = Release|Any CPU
	EndGlobalSection
	GlobalSection(SolutionProperties) = preSolution
		HideSolutionNode = FALSE
	EndGlobalSection
	GlobalSection(ExtensibilityGlobals) = postSolution
		SolutionGuid = {0E321853-1173-431A-9E6F-61974A787B7B}
	EndGlobalSection
EndGlobal
