
Microsoft Visual Studio Solution File, Format Version 12.00
# Visual Studio Version 16
VisualStudioVersion = 16.0.31424.327
MinimumVisualStudioVersion = 10.0.40219.1
Project("{FAE04EC0-301F-11D3-BF4B-00C04F79EFBC}") = "Taller_69_Expresiones_Lambda", "Taller_69_Expresiones_Lambda.csproj", "{B36DAB0B-AED8-4B20-AF60-AB02896F70CD}"
EndProject
Global
	GlobalSection(SolutionConfigurationPlatforms) = preSolution
		Debug|Any CPU = Debug|Any CPU
		Release|Any CPU = Release|Any CPU
	EndGlobalSection
	GlobalSection(ProjectConfigurationPlatforms) = postSolution
		{B36DAB0B-AED8-4B20-AF60-AB02896F70CD}.Debug|Any CPU.ActiveCfg = Debug|Any CPU
		{B36DAB0B-AED8-4B20-AF60-AB02896F70CD}.Debug|Any CPU.Build.0 = Debug|Any CPU
		{B36DAB0B-AED8-4B20-AF60-AB02896F70CD}.Release|Any CPU.ActiveCfg = Release|Any CPU
		{B36DAB0B-AED8-4B20-AF60-AB02896F70CD}.Release|Any CPU.Build.0 = Release|Any CPU
	EndGlobalSection
	GlobalSection(SolutionProperties) = preSolution
		HideSolutionNode = FALSE
	EndGlobalSection
	GlobalSection(ExtensibilityGlobals) = postSolution
		SolutionGuid = {597C1E32-E44C-47EC-89FE-FD7106D995FC}
	EndGlobalSection
EndGlobal
