
Microsoft Visual Studio Solution File, Format Version 12.00
# Visual Studio Version 16
VisualStudioVersion = 16.0.31424.327
MinimumVisualStudioVersion = 10.0.40219.1
Project("{FAE04EC0-301F-11D3-BF4B-00C04F79EFBC}") = "Taller_60_ProgramacionGenerica", "Taller_60_ProgramacionGenerica.csproj", "{BB425C54-C432-4283-B6B2-E885E67F504A}"
EndProject
Global
	GlobalSection(SolutionConfigurationPlatforms) = preSolution
		Debug|Any CPU = Debug|Any CPU
		Release|Any CPU = Release|Any CPU
	EndGlobalSection
	GlobalSection(ProjectConfigurationPlatforms) = postSolution
		{BB425C54-C432-4283-B6B2-E885E67F504A}.Debug|Any CPU.ActiveCfg = Debug|Any CPU
		{BB425C54-C432-4283-B6B2-E885E67F504A}.Debug|Any CPU.Build.0 = Debug|Any CPU
		{BB425C54-C432-4283-B6B2-E885E67F504A}.Release|Any CPU.ActiveCfg = Release|Any CPU
		{BB425C54-C432-4283-B6B2-E885E67F504A}.Release|Any CPU.Build.0 = Release|Any CPU
	EndGlobalSection
	GlobalSection(SolutionProperties) = preSolution
		HideSolutionNode = FALSE
	EndGlobalSection
	GlobalSection(ExtensibilityGlobals) = postSolution
		SolutionGuid = {66F70729-467E-4E8D-B8E8-D06A4105B645}
	EndGlobalSection
EndGlobal
