
Microsoft Visual Studio Solution File, Format Version 12.00
# Visual Studio Version 16
VisualStudioVersion = 16.0.31424.327
MinimumVisualStudioVersion = 10.0.40219.1
Project("{FAE04EC0-301F-11D3-BF4B-00C04F79EFBC}") = "Taller_67_Delegados", "Taller_67_Delegados.csproj", "{2E655EE5-4CED-42C4-8299-3E1ACB789666}"
EndProject
Global
	GlobalSection(SolutionConfigurationPlatforms) = preSolution
		Debug|Any CPU = Debug|Any CPU
		Release|Any CPU = Release|Any CPU
	EndGlobalSection
	GlobalSection(ProjectConfigurationPlatforms) = postSolution
		{2E655EE5-4CED-42C4-8299-3E1ACB789666}.Debug|Any CPU.ActiveCfg = Debug|Any CPU
		{2E655EE5-4CED-42C4-8299-3E1ACB789666}.Debug|Any CPU.Build.0 = Debug|Any CPU
		{2E655EE5-4CED-42C4-8299-3E1ACB789666}.Release|Any CPU.ActiveCfg = Release|Any CPU
		{2E655EE5-4CED-42C4-8299-3E1ACB789666}.Release|Any CPU.Build.0 = Release|Any CPU
	EndGlobalSection
	GlobalSection(SolutionProperties) = preSolution
		HideSolutionNode = FALSE
	EndGlobalSection
	GlobalSection(ExtensibilityGlobals) = postSolution
		SolutionGuid = {4F697259-0090-4B8A-B55D-9F1D189748DE}
	EndGlobalSection
EndGlobal
