
Microsoft Visual Studio Solution File, Format Version 12.00
# Visual Studio Version 16
VisualStudioVersion = 16.0.31424.327
MinimumVisualStudioVersion = 10.0.40219.1
Project("{FAE04EC0-301F-11D3-BF4B-00C04F79EFBC}") = "Taller_Video_26", "Taller_Video_26.csproj", "{3FD109DC-1254-4547-96FA-B65C5DA26D23}"
EndProject
Global
	GlobalSection(SolutionConfigurationPlatforms) = preSolution
		Debug|Any CPU = Debug|Any CPU
		Release|Any CPU = Release|Any CPU
	EndGlobalSection
	GlobalSection(ProjectConfigurationPlatforms) = postSolution
		{3FD109DC-1254-4547-96FA-B65C5DA26D23}.Debug|Any CPU.ActiveCfg = Debug|Any CPU
		{3FD109DC-1254-4547-96FA-B65C5DA26D23}.Debug|Any CPU.Build.0 = Debug|Any CPU
		{3FD109DC-1254-4547-96FA-B65C5DA26D23}.Release|Any CPU.ActiveCfg = Release|Any CPU
		{3FD109DC-1254-4547-96FA-B65C5DA26D23}.Release|Any CPU.Build.0 = Release|Any CPU
	EndGlobalSection
	GlobalSection(SolutionProperties) = preSolution
		HideSolutionNode = FALSE
	EndGlobalSection
	GlobalSection(ExtensibilityGlobals) = postSolution
		SolutionGuid = {2E5BAEF1-C06F-4F6A-8C76-B2AC7DDB9A7D}
	EndGlobalSection
EndGlobal
