
Microsoft Visual Studio Solution File, Format Version 12.00
# Visual Studio Version 16
VisualStudioVersion = 16.0.31424.327
MinimumVisualStudioVersion = 10.0.40219.1
Project("{FAE04EC0-301F-11D3-BF4B-00C04F79EFBC}") = "Taller_70_Expresiones_Regulares", "Taller_70_Expresiones_Regulares.csproj", "{6391AF49-5EC0-4D2A-9547-02D826A4C6F6}"
EndProject
Global
	GlobalSection(SolutionConfigurationPlatforms) = preSolution
		Debug|Any CPU = Debug|Any CPU
		Release|Any CPU = Release|Any CPU
	EndGlobalSection
	GlobalSection(ProjectConfigurationPlatforms) = postSolution
		{6391AF49-5EC0-4D2A-9547-02D826A4C6F6}.Debug|Any CPU.ActiveCfg = Debug|Any CPU
		{6391AF49-5EC0-4D2A-9547-02D826A4C6F6}.Debug|Any CPU.Build.0 = Debug|Any CPU
		{6391AF49-5EC0-4D2A-9547-02D826A4C6F6}.Release|Any CPU.ActiveCfg = Release|Any CPU
		{6391AF49-5EC0-4D2A-9547-02D826A4C6F6}.Release|Any CPU.Build.0 = Release|Any CPU
	EndGlobalSection
	GlobalSection(SolutionProperties) = preSolution
		HideSolutionNode = FALSE
	EndGlobalSection
	GlobalSection(ExtensibilityGlobals) = postSolution
		SolutionGuid = {EC910C9D-84B6-444D-9B54-1EC1CB16C6B2}
	EndGlobalSection
EndGlobal
