
Microsoft Visual Studio Solution File, Format Version 12.00
# Visual Studio Version 16
VisualStudioVersion = 16.0.31424.327
MinimumVisualStudioVersion = 10.0.40219.1
Project("{FAE04EC0-301F-11D3-BF4B-00C04F79EFBC}") = "Taller_Arrays_36", "Taller_Arrays_36.csproj", "{6C4AE081-6C41-445C-89ED-C725CF35FE44}"
EndProject
Global
	GlobalSection(SolutionConfigurationPlatforms) = preSolution
		Debug|Any CPU = Debug|Any CPU
		Release|Any CPU = Release|Any CPU
	EndGlobalSection
	GlobalSection(ProjectConfigurationPlatforms) = postSolution
		{6C4AE081-6C41-445C-89ED-C725CF35FE44}.Debug|Any CPU.ActiveCfg = Debug|Any CPU
		{6C4AE081-6C41-445C-89ED-C725CF35FE44}.Debug|Any CPU.Build.0 = Debug|Any CPU
		{6C4AE081-6C41-445C-89ED-C725CF35FE44}.Release|Any CPU.ActiveCfg = Release|Any CPU
		{6C4AE081-6C41-445C-89ED-C725CF35FE44}.Release|Any CPU.Build.0 = Release|Any CPU
	EndGlobalSection
	GlobalSection(SolutionProperties) = preSolution
		HideSolutionNode = FALSE
	EndGlobalSection
	GlobalSection(ExtensibilityGlobals) = postSolution
		SolutionGuid = {0EF87CEB-7FC2-4F76-BC3A-7B1EC0CA89D1}
	EndGlobalSection
EndGlobal
