
Microsoft Visual Studio Solution File, Format Version 12.00
# Visual Studio Version 16
VisualStudioVersion = 16.0.31424.327
MinimumVisualStudioVersion = 10.0.40219.1
Project("{FAE04EC0-301F-11D3-BF4B-00C04F79EFBC}") = "Taller_40", "Taller_40.csproj", "{077021F6-FBCA-4CD0-BC0A-CC9D1721FFDB}"
EndProject
Global
	GlobalSection(SolutionConfigurationPlatforms) = preSolution
		Debug|Any CPU = Debug|Any CPU
		Release|Any CPU = Release|Any CPU
	EndGlobalSection
	GlobalSection(ProjectConfigurationPlatforms) = postSolution
		{077021F6-FBCA-4CD0-BC0A-CC9D1721FFDB}.Debug|Any CPU.ActiveCfg = Debug|Any CPU
		{077021F6-FBCA-4CD0-BC0A-CC9D1721FFDB}.Debug|Any CPU.Build.0 = Debug|Any CPU
		{077021F6-FBCA-4CD0-BC0A-CC9D1721FFDB}.Release|Any CPU.ActiveCfg = Release|Any CPU
		{077021F6-FBCA-4CD0-BC0A-CC9D1721FFDB}.Release|Any CPU.Build.0 = Release|Any CPU
	EndGlobalSection
	GlobalSection(SolutionProperties) = preSolution
		HideSolutionNode = FALSE
	EndGlobalSection
	GlobalSection(ExtensibilityGlobals) = postSolution
		SolutionGuid = {0761D544-DDD6-411D-BE16-1BABE08D3E2E}
	EndGlobalSection
EndGlobal
