
Microsoft Visual Studio Solution File, Format Version 12.00
# Visual Studio Version 16
VisualStudioVersion = 16.0.31424.327
MinimumVisualStudioVersion = 10.0.40219.1
Project("{FAE04EC0-301F-11D3-BF4B-00C04F79EFBC}") = "Taller_84_WPF", "Taller_84_WPF.csproj", "{A581590E-A385-4511-B500-C8BE780030C8}"
EndProject
Global
	GlobalSection(SolutionConfigurationPlatforms) = preSolution
		Debug|Any CPU = Debug|Any CPU
		Release|Any CPU = Release|Any CPU
	EndGlobalSection
	GlobalSection(ProjectConfigurationPlatforms) = postSolution
		{A581590E-A385-4511-B500-C8BE780030C8}.Debug|Any CPU.ActiveCfg = Debug|Any CPU
		{A581590E-A385-4511-B500-C8BE780030C8}.Debug|Any CPU.Build.0 = Debug|Any CPU
		{A581590E-A385-4511-B500-C8BE780030C8}.Release|Any CPU.ActiveCfg = Release|Any CPU
		{A581590E-A385-4511-B500-C8BE780030C8}.Release|Any CPU.Build.0 = Release|Any CPU
	EndGlobalSection
	GlobalSection(SolutionProperties) = preSolution
		HideSolutionNode = FALSE
	EndGlobalSection
	GlobalSection(ExtensibilityGlobals) = postSolution
		SolutionGuid = {B0D3022D-7255-42D1-9B60-98C152A799F7}
	EndGlobalSection
EndGlobal
