
Microsoft Visual Studio Solution File, Format Version 12.00
# Visual Studio Version 16
VisualStudioVersion = 16.0.31424.327
MinimumVisualStudioVersion = 10.0.40219.1
Project("{FAE04EC0-301F-11D3-BF4B-00C04F79EFBC}") = "Taller_59_Destructores", "Taller_59_Destructores.csproj", "{0B1F9C9C-428E-482E-995D-80E4C2A7D4BA}"
EndProject
Global
	GlobalSection(SolutionConfigurationPlatforms) = preSolution
		Debug|Any CPU = Debug|Any CPU
		Release|Any CPU = Release|Any CPU
	EndGlobalSection
	GlobalSection(ProjectConfigurationPlatforms) = postSolution
		{0B1F9C9C-428E-482E-995D-80E4C2A7D4BA}.Debug|Any CPU.ActiveCfg = Debug|Any CPU
		{0B1F9C9C-428E-482E-995D-80E4C2A7D4BA}.Debug|Any CPU.Build.0 = Debug|Any CPU
		{0B1F9C9C-428E-482E-995D-80E4C2A7D4BA}.Release|Any CPU.ActiveCfg = Release|Any CPU
		{0B1F9C9C-428E-482E-995D-80E4C2A7D4BA}.Release|Any CPU.Build.0 = Release|Any CPU
	EndGlobalSection
	GlobalSection(SolutionProperties) = preSolution
		HideSolutionNode = FALSE
	EndGlobalSection
	GlobalSection(ExtensibilityGlobals) = postSolution
		SolutionGuid = {3FA01EB9-61D6-4C2D-BDCB-77A1D84ECE7C}
	EndGlobalSection
EndGlobal
