
Microsoft Visual Studio Solution File, Format Version 12.00
# Visual Studio Version 16
VisualStudioVersion = 16.0.31424.327
MinimumVisualStudioVersion = 10.0.40219.1
Project("{FAE04EC0-301F-11D3-BF4B-00C04F79EFBC}") = "Taller_66_Stacks", "Taller_66_Stacks.csproj", "{3E65FF6F-5488-4599-9A0F-145AFD5A30AD}"
EndProject
Global
	GlobalSection(SolutionConfigurationPlatforms) = preSolution
		Debug|Any CPU = Debug|Any CPU
		Release|Any CPU = Release|Any CPU
	EndGlobalSection
	GlobalSection(ProjectConfigurationPlatforms) = postSolution
		{3E65FF6F-5488-4599-9A0F-145AFD5A30AD}.Debug|Any CPU.ActiveCfg = Debug|Any CPU
		{3E65FF6F-5488-4599-9A0F-145AFD5A30AD}.Debug|Any CPU.Build.0 = Debug|Any CPU
		{3E65FF6F-5488-4599-9A0F-145AFD5A30AD}.Release|Any CPU.ActiveCfg = Release|Any CPU
		{3E65FF6F-5488-4599-9A0F-145AFD5A30AD}.Release|Any CPU.Build.0 = Release|Any CPU
	EndGlobalSection
	GlobalSection(SolutionProperties) = preSolution
		HideSolutionNode = FALSE
	EndGlobalSection
	GlobalSection(ExtensibilityGlobals) = postSolution
		SolutionGuid = {90D4D9E5-1354-4560-8718-CEF5AFE487C1}
	EndGlobalSection
EndGlobal
